
Microsoft Visual Studio Solution File, Format Version 12.00
# Visual Studio Version 17
VisualStudioVersion = 17.14.36203.30 d17.14
MinimumVisualStudioVersion = 10.0.40219.1
Project("{888888A0-9F3D-457C-B088-3A5042F75D52}") = "Biotool", "Biotool\Biotool.pyproj", "{2293BD14-6F5A-4E40-BB6D-19F1AB669428}"
EndProject
Global
	GlobalSection(SolutionConfigurationPlatforms) = preSolution
		Debug|Any CPU = Debug|Any CPU
		Release|Any CPU = Release|Any CPU
	EndGlobalSection
	GlobalSection(ProjectConfigurationPlatforms) = postSolution
		{2293BD14-6F5A-4E40-BB6D-19F1AB669428}.Debug|Any CPU.ActiveCfg = Debug|Any CPU
		{2293BD14-6F5A-4E40-BB6D-19F1AB669428}.Release|Any CPU.ActiveCfg = Release|Any CPU
	EndGlobalSection
	GlobalSection(SolutionProperties) = preSolution
		HideSolutionNode = FALSE
	EndGlobalSection
	GlobalSection(ExtensibilityGlobals) = postSolution
		SolutionGuid = {61D6A452-1176-40B2-A00A-5CD6337AB3B0}
	EndGlobalSection
EndGlobal
